{
  "name": "node-hangman",
  "version": "0.1.0",
  "lockfileVersion": 1,
  "requires": true,
  "dependencies": {
    "svjsl": {
      "version": "1.8.3",
      "resolved": "https://registry.npmjs.org/svjsl/-/svjsl-1.8.3.tgz",
      "integrity": "sha512-QW8i8KjJaAzWeycJ0L2vUALtaMtrRyihDWFJVMRLc0Z5X5X2R9ihml6BS7Ju3bxXKnXcVhYc7keFAAvvcahcng=="
    }
  }
}
